
Microsoft Visual Studio Solution File, Format Version 12.00
# Visual Studio Version 17
VisualStudioVersion = 17.4.33110.190
MinimumVisualStudioVersion = 10.0.40219.1
Project("{2150E333-8FDC-42A3-9474-1A3956D46DE8}") = "Common", "Common", "{4BF53A8A-B344-4C1A-AE24-1FC41E2188E9}"
EndProject
Project("{2150E333-8FDC-42A3-9474-1A3956D46DE8}") = "Infrastructure", "Infrastructure", "{FA933B2A-DC9F-44A0-94C7-C5D2D49C550B}"
EndProject
Project("{2150E333-8FDC-42A3-9474-1A3956D46DE8}") = "Application", "Application", "{AA983AFF-9CBC-4F2A-98E3-3CACA5039C61}"
EndProject
Project("{2150E333-8FDC-42A3-9474-1A3956D46DE8}") = "Domain", "Domain", "{5A9735A3-CEE9-4E50-B2FD-54F0BF402002}"
EndProject
Project("{9A19103F-16F7-4668-BE54-9A1E7A4F7556}") = "Hexalith.Extensions", "Hexalith\src\Core\Common\Hexalith.Extensions\Hexalith.Extensions.csproj", "{1959557F-5EAF-4B1E-BF3F-313AC68EFA49}"
EndProject
Project("{2150E333-8FDC-42A3-9474-1A3956D46DE8}") = "Hexalith", "Hexalith", "{D2DA3040-462E-4E0E-9CFE-3EA95FA3D014}"
EndProject
Project("{9A19103F-16F7-4668-BE54-9A1E7A4F7556}") = "Hexalith.Infrastructure.AzureActiveDirectory", "Hexalith\src\Core\Infrastructure\Hexalith.Infrastructure.AzureActiveDirectory\Hexalith.Infrastructure.AzureActiveDirectory.csproj", "{E6204AB7-62EC-41C2-9DEC-7727D3B87B08}"
EndProject
Project("{9A19103F-16F7-4668-BE54-9A1E7A4F7556}") = "Hexalith.TestMocks", "Hexalith\src\Core\Common\Hexalith.TestMocks\Hexalith.TestMocks.csproj", "{BE07B798-CBB1-4DA7-B80D-7628F1E67894}"
EndProject
Project("{9A19103F-16F7-4668-BE54-9A1E7A4F7556}") = "Hexalith.Application", "Hexalith\src\Core\Application\Hexalith.Application\Hexalith.Application.csproj", "{735CE2B7-2572-4E3F-8B57-C55F9A69448E}"
EndProject
Project("{9A19103F-16F7-4668-BE54-9A1E7A4F7556}") = "Hexalith.Application.Abstractions", "Hexalith\src\Core\Application\Hexalith.Application.Abstractions\Hexalith.Application.Abstractions.csproj", "{155E85F0-978B-4916-AB3C-741266DE7BE3}"
EndProject
Project("{9A19103F-16F7-4668-BE54-9A1E7A4F7556}") = "Hexalith.Domain.Abstractions", "Hexalith\src\Core\Domain\Hexalith.Domain.Abstractions\Hexalith.Domain.Abstractions.csproj", "{8CE66AE1-932A-4E2C-B8E5-4FA627ACA2D7}"
EndProject
Project("{9A19103F-16F7-4668-BE54-9A1E7A4F7556}") = "Hexalith.Infrastructure.Serialization", "Hexalith\src\Core\Infrastructure\Hexalith.Infrastructure.Serialization\Hexalith.Infrastructure.Serialization.csproj", "{B207766E-3CE0-4DF5-B33B-367C9E8AF4EB}"
EndProject
Project("{9A19103F-16F7-4668-BE54-9A1E7A4F7556}") = "Hexalith.Infrastructure.WebApis", "Hexalith\src\Core\Infrastructure\Hexalith.Infrastructure.WebApis\Hexalith.Infrastructure.WebApis.csproj", "{00897BC6-2258-41E6-9246-B9EDB67A225B}"
EndProject
Project("{9A19103F-16F7-4668-BE54-9A1E7A4F7556}") = "Hexalith.Infrastructure.DaprRuntime", "Hexalith\src\Core\Infrastructure\Hexalith.Infrastructure.DaprRuntime\Hexalith.Infrastructure.DaprRuntime.csproj", "{F92430D4-DCA2-4FDC-B902-FA053BCB8037}"
EndProject
Project("{9A19103F-16F7-4668-BE54-9A1E7A4F7556}") = "Hexalith.Application.TopologicalSorting", "Hexalith\src\Core\Application\Hexalith.Application.TopologicalSorting\Hexalith.Application.TopologicalSorting.csproj", "{43D88290-657A-4D99-BB58-BA5B60B13630}"
EndProject
Project("{9A19103F-16F7-4668-BE54-9A1E7A4F7556}") = "Hexalith.Infrastructure.TeamsBot", "Hexalith\src\Core\Infrastructure\Hexalith.Infrastructure.TeamsBot\Hexalith.Infrastructure.TeamsBot.csproj", "{4CB3A741-2FED-491A-AA0D-01F2F2577389}"
EndProject
Project("{9A19103F-16F7-4668-BE54-9A1E7A4F7556}") = "Hexalith.Domain.ConversationThreads", "Hexalith\src\Core\Domain\Hexalith.Domain.ConversationThreads\Hexalith.Domain.ConversationThreads.csproj", "{E2751BF1-0B07-4CF2-B19C-FBA0C0FB0FB9}"
EndProject
Project("{9A19103F-16F7-4668-BE54-9A1E7A4F7556}") = "Hexalith.Domain.UserConversationProfiles", "Hexalith\src\Core\Domain\Hexalith.Domain.UserConversations\Hexalith.Domain.UserConversationProfiles.csproj", "{2F11D0F4-35B2-45D7-8966-DF5248DB82D4}"
EndProject
Project("{9A19103F-16F7-4668-BE54-9A1E7A4F7556}") = "Hexalith.Application.ConversationThreads", "Hexalith\src\Core\Application\Hexalith.Application.ConversationThreads\Hexalith.Application.ConversationThreads.csproj", "{C29D4822-A879-49FA-9025-880D716782FF}"
EndProject
Project("{9A19103F-16F7-4668-BE54-9A1E7A4F7556}") = "Hexalith.Infrastructure.AzureDevOps", "Hexalith\src\Core\Infrastructure\Hexalith.Infrastructure.AzureDevOps\Hexalith.Infrastructure.AzureDevOps.csproj", "{AABC96A7-2B2C-4F92-A4CC-D76596DCF0D6}"
EndProject
Project("{9A19103F-16F7-4668-BE54-9A1E7A4F7556}") = "Hexalith.Application.Organizations", "Hexalith\src\Core\Application\Hexalith.Application.Organizations\Hexalith.Application.Organizations.csproj", "{4BFB8526-A11F-4946-9905-7F00EECEF7FF}"
EndProject
Project("{9A19103F-16F7-4668-BE54-9A1E7A4F7556}") = "Hexalith.Domain.Organizations", "Hexalith\src\Core\Domain\Hexalith.Domain.Organizations\Hexalith.Domain.Organizations.csproj", "{71564D94-DA05-4FCA-985F-E5574EFF2723}"
EndProject
Project("{9A19103F-16F7-4668-BE54-9A1E7A4F7556}") = "Hexalith.UI.ApplicationLayout", "Hexalith\src\Core\UI\Hexalith.UI.ApplicationLayout\Hexalith.UI.ApplicationLayout.csproj", "{29551DAF-21B8-4C4D-A765-4F75D1758CB9}"
EndProject
Project("{2150E333-8FDC-42A3-9474-1A3956D46DE8}") = "UI", "UI", "{3D11F14C-AF25-4D09-8182-568B18EB78FC}"
EndProject
Project("{9A19103F-16F7-4668-BE54-9A1E7A4F7556}") = "Hexalith.Domain.Surveys", "Hexalith\src\Core\Domain\Hexalith.Domain.Surveys\Hexalith.Domain.Surveys.csproj", "{398AB413-51AA-4973-A5D5-DD584C4F4B6C}"
EndProject
Project("{9A19103F-16F7-4668-BE54-9A1E7A4F7556}") = "Hexalith.Infrastructure.DaprRuntime.Abstractions", "Hexalith\src\Core\Infrastructure\Hexalith.Infrastructure.DaprRuntime.Abstractions\Hexalith.Infrastructure.DaprRuntime.Abstractions.csproj", "{552814D4-6853-4384-A270-47C7741D1332}"
EndProject
Project("{9A19103F-16F7-4668-BE54-9A1E7A4F7556}") = "Hexalith.Infrastructure.Emails.MailKit", "Hexalith\src\Core\Infrastructure\Hexalith.Infrastructure.Emails.MailKit\Hexalith.Infrastructure.Emails.MailKit.csproj", "{A836AC21-33CC-479C-862D-99D6EB36917E}"
EndProject
Project("{9A19103F-16F7-4668-BE54-9A1E7A4F7556}") = "Hexalith.Infrastructure.Emails.SendGrid", "Hexalith\src\Core\Infrastructure\Hexalith.Infrastructure.Emails.SendGrid\Hexalith.Infrastructure.Emails.SendGrid.csproj", "{96BFBAF8-A4DB-41E1-B73E-6B44D775488B}"
EndProject
Project("{9A19103F-16F7-4668-BE54-9A1E7A4F7556}") = "Hexalith.Infrastructure.Emails.Abstractions", "Hexalith\src\Core\Infrastructure\Hexalith.Infrastructure.Emails.Abstractions\Hexalith.Infrastructure.Emails.Abstractions.csproj", "{93BDAAEA-DCF3-4A19-844B-7B699DF52EC7}"
EndProject
Project("{9A19103F-16F7-4668-BE54-9A1E7A4F7556}") = "Hexalith.Infrastructure.WebApis.Proxies", "Hexalith\src\Core\Infrastructure\Hexalith.Infrastructure.WebApis.Proxies\Hexalith.Infrastructure.WebApis.Proxies.csproj", "{2EA76081-D72D-4AE9-A10F-094FDC57FA44}"
EndProject
Project("{9A19103F-16F7-4668-BE54-9A1E7A4F7556}") = "Hexalith.Infrastructure.WebApis.Abstractions", "Hexalith\src\Core\Infrastructure\Hexalith.Infrastructure.WebApis.Abstractions\Hexalith.Infrastructure.WebApis.Abstractions.csproj", "{2CF8A627-8BB7-4762-ABE7-51B9A3560774}"
EndProject
Project("{9A19103F-16F7-4668-BE54-9A1E7A4F7556}") = "Hexalith.Infrastructure.ClientAppOnServer", "Hexalith\src\Core\Infrastructure\Hexalith.Infrastructure.ClientAppOnServer\Hexalith.Infrastructure.ClientAppOnServer.csproj", "{E0F6C228-71C2-4610-B8EA-2A4DCA9DDE2C}"
EndProject
Project("{9A19103F-16F7-4668-BE54-9A1E7A4F7556}") = "Hexalith.Infrastructure.ClientAppOnWasm", "Hexalith\src\Core\Infrastructure\Hexalith.Infrastructure.ClientAppOnWasm\Hexalith.Infrastructure.ClientAppOnWasm.csproj", "{50915DCF-7731-411C-ADF9-0D36BB58E250}"
EndProject
Project("{9A19103F-16F7-4668-BE54-9A1E7A4F7556}") = "Hexalith.Infrastructure.ClientApp", "Hexalith\src\Core\Infrastructure\Hexalith.Infrastructure.ClientApp\Hexalith.Infrastructure.ClientApp.csproj", "{85FA9E9F-A3CC-4DF9-94BA-CB0011954DC3}"
EndProject
Project("{9A19103F-16F7-4668-BE54-9A1E7A4F7556}") = "Hexalith.Application.Authorizations", "Hexalith\src\Core\Application\Hexalith.Application.Authorizations\Hexalith.Application.Authorizations.csproj", "{3B624A74-5F48-41C4-A1FD-043C6604C61B}"
EndProject
Project("{9A19103F-16F7-4668-BE54-9A1E7A4F7556}") = "Hexalith.Infrastructure.AspireService.Defaults", "Hexalith\src\Core\Infrastructure\Hexalith.Infrastructure.AspireService.Defaults\Hexalith.Infrastructure.AspireService.Defaults.csproj", "{80BF5C88-4E2B-4B76-A521-88CF4A880B16}"
EndProject
Project("{9A19103F-16F7-4668-BE54-9A1E7A4F7556}") = "Hexalith.Infrastructure.DaprRuntime.CosmosDatabases", "Hexalith\src\Core\Infrastructure\Hexalith.Infrastructure.DaprRuntime.CosmosDatabases\Hexalith.Infrastructure.DaprRuntime.CosmosDatabases.csproj", "{0D3A0C8C-15F2-4A0C-8A1C-BD54BCB8FEE1}"
EndProject
Project("{9A19103F-16F7-4668-BE54-9A1E7A4F7556}") = "Hexalith.Infrastructure.CosmosDb", "Hexalith\src\Core\Infrastructure\Hexalith.Infrastructure.CosmosDb\Hexalith.Infrastructure.CosmosDb.csproj", "{A9D47971-C5E1-4EE0-B355-23D0B0EE00BC}"
EndProject
Project("{9A19103F-16F7-4668-BE54-9A1E7A4F7556}") = "Hexalith.Infrastructure.AspireService.Hosting", "Hexalith\src\Core\Infrastructure\Hexalith.Infrastructure.AspireService.Hosting\Hexalith.Infrastructure.AspireService.Hosting.csproj", "{7FAFB6B4-B084-4F20-A046-8692CD504B67}"
EndProject
Project("{2150E333-8FDC-42A3-9474-1A3956D46DE8}") = "src", "src", "{6DCC825D-02D0-4F25-9A3D-A530736AB837}"
	ProjectSection(SolutionItems) = preProject
		src\Directory.Build.props = src\Directory.Build.props
	EndProjectSection
EndProject
Project("{9A19103F-16F7-4668-BE54-9A1E7A4F7556}") = "Hexalith.Sales.Application", "src\Application\Hexalith.Sales.Application\Hexalith.Sales.Application.csproj", "{1FE2B686-D901-46DF-9CDE-2C968F6A2D1E}"
EndProject
Project("{2150E333-8FDC-42A3-9474-1A3956D46DE8}") = "Domain", "Domain", "{5B4A4C55-DC36-4DC1-B773-2E6E95C75F28}"
EndProject
Project("{2150E333-8FDC-42A3-9474-1A3956D46DE8}") = "Application", "Application", "{2A01A18A-F858-44A1-9AD0-8F7C4FA112B5}"
EndProject
Project("{9A19103F-16F7-4668-BE54-9A1E7A4F7556}") = "Hexalith.Sales.Domain", "src\Domain\Hexalith.Sales.Domain\Hexalith.Sales.Domain.csproj", "{9AFF0E0C-2CD9-4691-8A9B-2364C32BF869}"
EndProject
Project("{2150E333-8FDC-42A3-9474-1A3956D46DE8}") = "Infrastructure", "Infrastructure", "{971DE0DA-285B-4912-BA93-E74411400F87}"
EndProject
Project("{9A19103F-16F7-4668-BE54-9A1E7A4F7556}") = "Hexalith.Sales.EventsWebApis", "src\Infrastructure\Hexalith.Sales.EventsWebApis\Hexalith.Sales.EventsWebApis.csproj", "{6401CAA6-7331-4F6A-AB3D-EDEF48EBB829}"
EndProject
Project("{2150E333-8FDC-42A3-9474-1A3956D46DE8}") = "_build", "_build", "{3A505FC6-CBD6-4D4F-BF48-329C3148282B}"
	ProjectSection(SolutionItems) = preProject
		src\BuildFiles\.stylecop.json = src\BuildFiles\.stylecop.json
		src\BuildFiles\.stylecop.ruleset = src\BuildFiles\.stylecop.ruleset
		Directory.Build.props = Directory.Build.props
		.github\workflows\hexalith_build.yml = .github\workflows\hexalith_build.yml
		src\BuildFiles\Project.Common.props = src\BuildFiles\Project.Common.props
		.github\workflows\semgrep.yml = .github\workflows\semgrep.yml
		.github\workflows\sonarqube.yml = .github\workflows\sonarqube.yml
	EndProjectSection
EndProject
Project("{2150E333-8FDC-42A3-9474-1A3956D46DE8}") = "Servers", "Servers", "{E0E8D9A4-0B77-4F2D-BD6E-7931FEE42ACB}"
	ProjectSection(SolutionItems) = preProject
		src\Servers\Directory.Build.props = src\Servers\Directory.Build.props
		src\Servers\publish_containers.ps1 = src\Servers\publish_containers.ps1
	EndProjectSection
EndProject
Project("{9A19103F-16F7-4668-BE54-9A1E7A4F7556}") = "Hexalith.Server.Sales", "src\Servers\Hexalith.Server.Sales\Hexalith.Server.Sales.csproj", "{87A78320-56AC-44E5-BC30-04AD1AE1F40F}"
EndProject
Project("{2150E333-8FDC-42A3-9474-1A3956D46DE8}") = "test", "test", "{8B5B1376-6E74-4BE2-8688-5F4B604B0370}"
	ProjectSection(SolutionItems) = preProject
		test\Directory.Build.props = test\Directory.Build.props
	EndProjectSection
EndProject
Project("{9A19103F-16F7-4668-BE54-9A1E7A4F7556}") = "Hexalith.UI.Components.Abstractions", "Hexalith\src\Core\UI\Hexalith.UI.Components.Abstractions\Hexalith.UI.Components.Abstractions.csproj", "{3C8A2FE5-7E6B-4932-AF11-71F859F3B87F}"
EndProject
Project("{9A19103F-16F7-4668-BE54-9A1E7A4F7556}") = "Hexalith.UI.Components", "Hexalith\src\Core\UI\Hexalith.UI.Components\Hexalith.UI.Components.csproj", "{6A210437-68DA-4468-AF3C-4887406BD03B}"
EndProject
Project("{9A19103F-16F7-4668-BE54-9A1E7A4F7556}") = "Hexalith.UI.Modules.Abstractions", "Hexalith\src\Core\UI\Hexalith.UI.Modules.Abstractions\Hexalith.UI.Modules.Abstractions.csproj", "{9A85438A-48CC-404E-9B1C-A29269FE78B9}"
EndProject
Project("{9A19103F-16F7-4668-BE54-9A1E7A4F7556}") = "Hexalith.UI.Modules", "Hexalith\src\Core\UI\Hexalith.UI.Modules\Hexalith.UI.Modules.csproj", "{92269465-385D-4598-9883-28379DE598C6}"
EndProject
Project("{2150E333-8FDC-42A3-9474-1A3956D46DE8}") = "Solution Items", "Solution Items", "{34E4AB9D-C6DD-4FB7-A205-4544129F7AE0}"
	ProjectSection(SolutionItems) = preProject
		.github\workflows\hexalith_build.yml = .github\workflows\hexalith_build.yml
		.github\workflows\semgrep.yml = .github\workflows\semgrep.yml
	EndProjectSection
EndProject
Project("{9A19103F-16F7-4668-BE54-9A1E7A4F7556}") = "Hexalith.Sales.Domain.Abstractions", "src\Domain\Hexalith.Sales.Domain.Abstractions\Hexalith.Sales.Domain.Abstractions.csproj", "{9DBF6D44-791A-4B17-9604-BA92B02552E6}"
EndProject
Project("{9A19103F-16F7-4668-BE54-9A1E7A4F7556}") = "Hexalith.Sales.Events", "src\Domain\Hexalith.Sales.Events\Hexalith.Sales.Events.csproj", "{34375CC3-9A36-47FE-8F21-775D402AFEC5}"
EndProject
Project("{9A19103F-16F7-4668-BE54-9A1E7A4F7556}") = "Hexalith.Sales.Commands", "src\Application\Hexalith.Sales.Commands\Hexalith.Sales.Commands.csproj", "{8218558F-9F56-4F8D-BE80-AD191A6554E1}"
EndProject
Project("{9A19103F-16F7-4668-BE54-9A1E7A4F7556}") = "Hexalith.Sales.DaprRuntime", "src\Infrastructure\Hexalith.Sales.DaprRuntime\Hexalith.Sales.DaprRuntime.csproj", "{FE54766B-D066-44C5-8DC9-36AAE8809E59}"
EndProject
Project("{9A19103F-16F7-4668-BE54-9A1E7A4F7556}") = "Hexalith.Sales.DaprRuntime.Abstractions", "src\Infrastructure\Hexalith.Sales.DaprRuntime.Abstractions\Hexalith.Sales.DaprRuntime.Abstractions.csproj", "{7320A1A7-7CFC-472F-B280-00B3F2511F18}"
EndProject
Project("{9A19103F-16F7-4668-BE54-9A1E7A4F7556}") = "Hexalith.Sales.CommandsWebApis", "src\Infrastructure\Hexalith.Sales.CommandsWebApis\Hexalith.Sales.CommandsWebApis.csproj", "{D4B2DB60-8A29-4524-872F-18564A602F68}"
EndProject
Project("{9A19103F-16F7-4668-BE54-9A1E7A4F7556}") = "Hexalith.Sales.UnitTests", "test\Hexalith.Sales.UnitTests\Hexalith.Sales.UnitTests.csproj", "{D6FD414B-76FC-4246-985D-740A4FEB9153}"
EndProject
Project("{2150E333-8FDC-42A3-9474-1A3956D46DE8}") = "_global", "_global", "{DD678455-958B-44A5-B819-4E611C3DC048}"
	ProjectSection(SolutionItems) = preProject
		.editorconfig = .editorconfig
		.gitignore = .gitignore
		LICENSE = LICENSE
		README.md = README.md
	EndProjectSection
EndProject
Project("{2150E333-8FDC-42A3-9474-1A3956D46DE8}") = "_global", "_global", "{298AFAAC-D82C-4FE3-B916-7B1B6A82D9B5}"
	ProjectSection(SolutionItems) = preProject
		Hexalith\.editorconfig = Hexalith\.editorconfig
		Hexalith\.gitignore = Hexalith\.gitignore
		Hexalith\.readthedocs.yaml = Hexalith\.readthedocs.yaml
		Hexalith\.stylecop.json = Hexalith\.stylecop.json
		Hexalith\.stylecop.ruleset = Hexalith\.stylecop.ruleset
		Hexalith\LICENSE.txt = Hexalith\LICENSE.txt
		Hexalith\README.md = Hexalith\README.md
	EndProjectSection
EndProject
Global
	GlobalSection(SolutionConfigurationPlatforms) = preSolution
		Debug|Any CPU = Debug|Any CPU
		Release|Any CPU = Release|Any CPU
	EndGlobalSection
	GlobalSection(ProjectConfigurationPlatforms) = postSolution
		{1959557F-5EAF-4B1E-BF3F-313AC68EFA49}.Debug|Any CPU.ActiveCfg = Debug|Any CPU
		{1959557F-5EAF-4B1E-BF3F-313AC68EFA49}.Debug|Any CPU.Build.0 = Debug|Any CPU
		{1959557F-5EAF-4B1E-BF3F-313AC68EFA49}.Release|Any CPU.ActiveCfg = Release|Any CPU
		{1959557F-5EAF-4B1E-BF3F-313AC68EFA49}.Release|Any CPU.Build.0 = Release|Any CPU
		{E6204AB7-62EC-41C2-9DEC-7727D3B87B08}.Debug|Any CPU.ActiveCfg = Debug|Any CPU
		{E6204AB7-62EC-41C2-9DEC-7727D3B87B08}.Debug|Any CPU.Build.0 = Debug|Any CPU
		{E6204AB7-62EC-41C2-9DEC-7727D3B87B08}.Release|Any CPU.ActiveCfg = Release|Any CPU
		{E6204AB7-62EC-41C2-9DEC-7727D3B87B08}.Release|Any CPU.Build.0 = Release|Any CPU
		{BE07B798-CBB1-4DA7-B80D-7628F1E67894}.Debug|Any CPU.ActiveCfg = Debug|Any CPU
		{BE07B798-CBB1-4DA7-B80D-7628F1E67894}.Debug|Any CPU.Build.0 = Debug|Any CPU
		{BE07B798-CBB1-4DA7-B80D-7628F1E67894}.Release|Any CPU.ActiveCfg = Release|Any CPU
		{BE07B798-CBB1-4DA7-B80D-7628F1E67894}.Release|Any CPU.Build.0 = Release|Any CPU
		{735CE2B7-2572-4E3F-8B57-C55F9A69448E}.Debug|Any CPU.ActiveCfg = Debug|Any CPU
		{735CE2B7-2572-4E3F-8B57-C55F9A69448E}.Debug|Any CPU.Build.0 = Debug|Any CPU
		{735CE2B7-2572-4E3F-8B57-C55F9A69448E}.Release|Any CPU.ActiveCfg = Release|Any CPU
		{735CE2B7-2572-4E3F-8B57-C55F9A69448E}.Release|Any CPU.Build.0 = Release|Any CPU
		{155E85F0-978B-4916-AB3C-741266DE7BE3}.Debug|Any CPU.ActiveCfg = Debug|Any CPU
		{155E85F0-978B-4916-AB3C-741266DE7BE3}.Debug|Any CPU.Build.0 = Debug|Any CPU
		{155E85F0-978B-4916-AB3C-741266DE7BE3}.Release|Any CPU.ActiveCfg = Release|Any CPU
		{155E85F0-978B-4916-AB3C-741266DE7BE3}.Release|Any CPU.Build.0 = Release|Any CPU
		{8CE66AE1-932A-4E2C-B8E5-4FA627ACA2D7}.Debug|Any CPU.ActiveCfg = Debug|Any CPU
		{8CE66AE1-932A-4E2C-B8E5-4FA627ACA2D7}.Debug|Any CPU.Build.0 = Debug|Any CPU
		{8CE66AE1-932A-4E2C-B8E5-4FA627ACA2D7}.Release|Any CPU.ActiveCfg = Release|Any CPU
		{8CE66AE1-932A-4E2C-B8E5-4FA627ACA2D7}.Release|Any CPU.Build.0 = Release|Any CPU
		{B207766E-3CE0-4DF5-B33B-367C9E8AF4EB}.Debug|Any CPU.ActiveCfg = Debug|Any CPU
		{B207766E-3CE0-4DF5-B33B-367C9E8AF4EB}.Debug|Any CPU.Build.0 = Debug|Any CPU
		{B207766E-3CE0-4DF5-B33B-367C9E8AF4EB}.Release|Any CPU.ActiveCfg = Release|Any CPU
		{B207766E-3CE0-4DF5-B33B-367C9E8AF4EB}.Release|Any CPU.Build.0 = Release|Any CPU
		{00897BC6-2258-41E6-9246-B9EDB67A225B}.Debug|Any CPU.ActiveCfg = Debug|Any CPU
		{00897BC6-2258-41E6-9246-B9EDB67A225B}.Debug|Any CPU.Build.0 = Debug|Any CPU
		{00897BC6-2258-41E6-9246-B9EDB67A225B}.Release|Any CPU.ActiveCfg = Release|Any CPU
		{00897BC6-2258-41E6-9246-B9EDB67A225B}.Release|Any CPU.Build.0 = Release|Any CPU
		{F92430D4-DCA2-4FDC-B902-FA053BCB8037}.Debug|Any CPU.ActiveCfg = Debug|Any CPU
		{F92430D4-DCA2-4FDC-B902-FA053BCB8037}.Debug|Any CPU.Build.0 = Debug|Any CPU
		{F92430D4-DCA2-4FDC-B902-FA053BCB8037}.Release|Any CPU.ActiveCfg = Release|Any CPU
		{F92430D4-DCA2-4FDC-B902-FA053BCB8037}.Release|Any CPU.Build.0 = Release|Any CPU
		{43D88290-657A-4D99-BB58-BA5B60B13630}.Debug|Any CPU.ActiveCfg = Debug|Any CPU
		{43D88290-657A-4D99-BB58-BA5B60B13630}.Debug|Any CPU.Build.0 = Debug|Any CPU
		{43D88290-657A-4D99-BB58-BA5B60B13630}.Release|Any CPU.ActiveCfg = Release|Any CPU
		{43D88290-657A-4D99-BB58-BA5B60B13630}.Release|Any CPU.Build.0 = Release|Any CPU
		{4CB3A741-2FED-491A-AA0D-01F2F2577389}.Debug|Any CPU.ActiveCfg = Debug|Any CPU
		{4CB3A741-2FED-491A-AA0D-01F2F2577389}.Debug|Any CPU.Build.0 = Debug|Any CPU
		{4CB3A741-2FED-491A-AA0D-01F2F2577389}.Release|Any CPU.ActiveCfg = Release|Any CPU
		{4CB3A741-2FED-491A-AA0D-01F2F2577389}.Release|Any CPU.Build.0 = Release|Any CPU
		{E2751BF1-0B07-4CF2-B19C-FBA0C0FB0FB9}.Debug|Any CPU.ActiveCfg = Debug|Any CPU
		{E2751BF1-0B07-4CF2-B19C-FBA0C0FB0FB9}.Debug|Any CPU.Build.0 = Debug|Any CPU
		{E2751BF1-0B07-4CF2-B19C-FBA0C0FB0FB9}.Release|Any CPU.ActiveCfg = Release|Any CPU
		{E2751BF1-0B07-4CF2-B19C-FBA0C0FB0FB9}.Release|Any CPU.Build.0 = Release|Any CPU
		{2F11D0F4-35B2-45D7-8966-DF5248DB82D4}.Debug|Any CPU.ActiveCfg = Debug|Any CPU
		{2F11D0F4-35B2-45D7-8966-DF5248DB82D4}.Debug|Any CPU.Build.0 = Debug|Any CPU
		{2F11D0F4-35B2-45D7-8966-DF5248DB82D4}.Release|Any CPU.ActiveCfg = Release|Any CPU
		{2F11D0F4-35B2-45D7-8966-DF5248DB82D4}.Release|Any CPU.Build.0 = Release|Any CPU
		{C29D4822-A879-49FA-9025-880D716782FF}.Debug|Any CPU.ActiveCfg = Debug|Any CPU
		{C29D4822-A879-49FA-9025-880D716782FF}.Debug|Any CPU.Build.0 = Debug|Any CPU
		{C29D4822-A879-49FA-9025-880D716782FF}.Release|Any CPU.ActiveCfg = Release|Any CPU
		{C29D4822-A879-49FA-9025-880D716782FF}.Release|Any CPU.Build.0 = Release|Any CPU
		{AABC96A7-2B2C-4F92-A4CC-D76596DCF0D6}.Debug|Any CPU.ActiveCfg = Debug|Any CPU
		{AABC96A7-2B2C-4F92-A4CC-D76596DCF0D6}.Debug|Any CPU.Build.0 = Debug|Any CPU
		{AABC96A7-2B2C-4F92-A4CC-D76596DCF0D6}.Release|Any CPU.ActiveCfg = Release|Any CPU
		{AABC96A7-2B2C-4F92-A4CC-D76596DCF0D6}.Release|Any CPU.Build.0 = Release|Any CPU
		{4BFB8526-A11F-4946-9905-7F00EECEF7FF}.Debug|Any CPU.ActiveCfg = Debug|Any CPU
		{4BFB8526-A11F-4946-9905-7F00EECEF7FF}.Debug|Any CPU.Build.0 = Debug|Any CPU
		{4BFB8526-A11F-4946-9905-7F00EECEF7FF}.Release|Any CPU.ActiveCfg = Release|Any CPU
		{4BFB8526-A11F-4946-9905-7F00EECEF7FF}.Release|Any CPU.Build.0 = Release|Any CPU
		{71564D94-DA05-4FCA-985F-E5574EFF2723}.Debug|Any CPU.ActiveCfg = Debug|Any CPU
		{71564D94-DA05-4FCA-985F-E5574EFF2723}.Debug|Any CPU.Build.0 = Debug|Any CPU
		{71564D94-DA05-4FCA-985F-E5574EFF2723}.Release|Any CPU.ActiveCfg = Release|Any CPU
		{71564D94-DA05-4FCA-985F-E5574EFF2723}.Release|Any CPU.Build.0 = Release|Any CPU
		{29551DAF-21B8-4C4D-A765-4F75D1758CB9}.Debug|Any CPU.ActiveCfg = Debug|Any CPU
		{29551DAF-21B8-4C4D-A765-4F75D1758CB9}.Debug|Any CPU.Build.0 = Debug|Any CPU
		{29551DAF-21B8-4C4D-A765-4F75D1758CB9}.Release|Any CPU.ActiveCfg = Release|Any CPU
		{29551DAF-21B8-4C4D-A765-4F75D1758CB9}.Release|Any CPU.Build.0 = Release|Any CPU
		{398AB413-51AA-4973-A5D5-DD584C4F4B6C}.Debug|Any CPU.ActiveCfg = Debug|Any CPU
		{398AB413-51AA-4973-A5D5-DD584C4F4B6C}.Debug|Any CPU.Build.0 = Debug|Any CPU
		{398AB413-51AA-4973-A5D5-DD584C4F4B6C}.Release|Any CPU.ActiveCfg = Release|Any CPU
		{398AB413-51AA-4973-A5D5-DD584C4F4B6C}.Release|Any CPU.Build.0 = Release|Any CPU
		{552814D4-6853-4384-A270-47C7741D1332}.Debug|Any CPU.ActiveCfg = Debug|Any CPU
		{552814D4-6853-4384-A270-47C7741D1332}.Debug|Any CPU.Build.0 = Debug|Any CPU
		{552814D4-6853-4384-A270-47C7741D1332}.Release|Any CPU.ActiveCfg = Release|Any CPU
		{552814D4-6853-4384-A270-47C7741D1332}.Release|Any CPU.Build.0 = Release|Any CPU
		{A836AC21-33CC-479C-862D-99D6EB36917E}.Debug|Any CPU.ActiveCfg = Debug|Any CPU
		{A836AC21-33CC-479C-862D-99D6EB36917E}.Debug|Any CPU.Build.0 = Debug|Any CPU
		{A836AC21-33CC-479C-862D-99D6EB36917E}.Release|Any CPU.ActiveCfg = Release|Any CPU
		{A836AC21-33CC-479C-862D-99D6EB36917E}.Release|Any CPU.Build.0 = Release|Any CPU
		{96BFBAF8-A4DB-41E1-B73E-6B44D775488B}.Debug|Any CPU.ActiveCfg = Debug|Any CPU
		{96BFBAF8-A4DB-41E1-B73E-6B44D775488B}.Debug|Any CPU.Build.0 = Debug|Any CPU
		{96BFBAF8-A4DB-41E1-B73E-6B44D775488B}.Release|Any CPU.ActiveCfg = Release|Any CPU
		{96BFBAF8-A4DB-41E1-B73E-6B44D775488B}.Release|Any CPU.Build.0 = Release|Any CPU
		{93BDAAEA-DCF3-4A19-844B-7B699DF52EC7}.Debug|Any CPU.ActiveCfg = Debug|Any CPU
		{93BDAAEA-DCF3-4A19-844B-7B699DF52EC7}.Debug|Any CPU.Build.0 = Debug|Any CPU
		{93BDAAEA-DCF3-4A19-844B-7B699DF52EC7}.Release|Any CPU.ActiveCfg = Release|Any CPU
		{93BDAAEA-DCF3-4A19-844B-7B699DF52EC7}.Release|Any CPU.Build.0 = Release|Any CPU
		{2EA76081-D72D-4AE9-A10F-094FDC57FA44}.Debug|Any CPU.ActiveCfg = Debug|Any CPU
		{2EA76081-D72D-4AE9-A10F-094FDC57FA44}.Debug|Any CPU.Build.0 = Debug|Any CPU
		{2EA76081-D72D-4AE9-A10F-094FDC57FA44}.Release|Any CPU.ActiveCfg = Release|Any CPU
		{2EA76081-D72D-4AE9-A10F-094FDC57FA44}.Release|Any CPU.Build.0 = Release|Any CPU
		{2CF8A627-8BB7-4762-ABE7-51B9A3560774}.Debug|Any CPU.ActiveCfg = Debug|Any CPU
		{2CF8A627-8BB7-4762-ABE7-51B9A3560774}.Debug|Any CPU.Build.0 = Debug|Any CPU
		{2CF8A627-8BB7-4762-ABE7-51B9A3560774}.Release|Any CPU.ActiveCfg = Release|Any CPU
		{2CF8A627-8BB7-4762-ABE7-51B9A3560774}.Release|Any CPU.Build.0 = Release|Any CPU
		{E0F6C228-71C2-4610-B8EA-2A4DCA9DDE2C}.Debug|Any CPU.ActiveCfg = Debug|Any CPU
		{E0F6C228-71C2-4610-B8EA-2A4DCA9DDE2C}.Debug|Any CPU.Build.0 = Debug|Any CPU
		{E0F6C228-71C2-4610-B8EA-2A4DCA9DDE2C}.Release|Any CPU.ActiveCfg = Release|Any CPU
		{E0F6C228-71C2-4610-B8EA-2A4DCA9DDE2C}.Release|Any CPU.Build.0 = Release|Any CPU
		{50915DCF-7731-411C-ADF9-0D36BB58E250}.Debug|Any CPU.ActiveCfg = Debug|Any CPU
		{50915DCF-7731-411C-ADF9-0D36BB58E250}.Debug|Any CPU.Build.0 = Debug|Any CPU
		{50915DCF-7731-411C-ADF9-0D36BB58E250}.Release|Any CPU.ActiveCfg = Release|Any CPU
		{50915DCF-7731-411C-ADF9-0D36BB58E250}.Release|Any CPU.Build.0 = Release|Any CPU
		{85FA9E9F-A3CC-4DF9-94BA-CB0011954DC3}.Debug|Any CPU.ActiveCfg = Debug|Any CPU
		{85FA9E9F-A3CC-4DF9-94BA-CB0011954DC3}.Debug|Any CPU.Build.0 = Debug|Any CPU
		{85FA9E9F-A3CC-4DF9-94BA-CB0011954DC3}.Release|Any CPU.ActiveCfg = Release|Any CPU
		{85FA9E9F-A3CC-4DF9-94BA-CB0011954DC3}.Release|Any CPU.Build.0 = Release|Any CPU
		{3B624A74-5F48-41C4-A1FD-043C6604C61B}.Debug|Any CPU.ActiveCfg = Debug|Any CPU
		{3B624A74-5F48-41C4-A1FD-043C6604C61B}.Debug|Any CPU.Build.0 = Debug|Any CPU
		{3B624A74-5F48-41C4-A1FD-043C6604C61B}.Release|Any CPU.ActiveCfg = Release|Any CPU
		{3B624A74-5F48-41C4-A1FD-043C6604C61B}.Release|Any CPU.Build.0 = Release|Any CPU
		{80BF5C88-4E2B-4B76-A521-88CF4A880B16}.Debug|Any CPU.ActiveCfg = Debug|Any CPU
		{80BF5C88-4E2B-4B76-A521-88CF4A880B16}.Debug|Any CPU.Build.0 = Debug|Any CPU
		{80BF5C88-4E2B-4B76-A521-88CF4A880B16}.Release|Any CPU.ActiveCfg = Release|Any CPU
		{80BF5C88-4E2B-4B76-A521-88CF4A880B16}.Release|Any CPU.Build.0 = Release|Any CPU
		{0D3A0C8C-15F2-4A0C-8A1C-BD54BCB8FEE1}.Debug|Any CPU.ActiveCfg = Debug|Any CPU
		{0D3A0C8C-15F2-4A0C-8A1C-BD54BCB8FEE1}.Debug|Any CPU.Build.0 = Debug|Any CPU
		{0D3A0C8C-15F2-4A0C-8A1C-BD54BCB8FEE1}.Release|Any CPU.ActiveCfg = Release|Any CPU
		{0D3A0C8C-15F2-4A0C-8A1C-BD54BCB8FEE1}.Release|Any CPU.Build.0 = Release|Any CPU
		{A9D47971-C5E1-4EE0-B355-23D0B0EE00BC}.Debug|Any CPU.ActiveCfg = Debug|Any CPU
		{A9D47971-C5E1-4EE0-B355-23D0B0EE00BC}.Debug|Any CPU.Build.0 = Debug|Any CPU
		{A9D47971-C5E1-4EE0-B355-23D0B0EE00BC}.Release|Any CPU.ActiveCfg = Release|Any CPU
		{A9D47971-C5E1-4EE0-B355-23D0B0EE00BC}.Release|Any CPU.Build.0 = Release|Any CPU
		{7FAFB6B4-B084-4F20-A046-8692CD504B67}.Debug|Any CPU.ActiveCfg = Debug|Any CPU
		{7FAFB6B4-B084-4F20-A046-8692CD504B67}.Debug|Any CPU.Build.0 = Debug|Any CPU
		{7FAFB6B4-B084-4F20-A046-8692CD504B67}.Release|Any CPU.ActiveCfg = Release|Any CPU
		{7FAFB6B4-B084-4F20-A046-8692CD504B67}.Release|Any CPU.Build.0 = Release|Any CPU
		{1FE2B686-D901-46DF-9CDE-2C968F6A2D1E}.Debug|Any CPU.ActiveCfg = Debug|Any CPU
		{1FE2B686-D901-46DF-9CDE-2C968F6A2D1E}.Debug|Any CPU.Build.0 = Debug|Any CPU
		{1FE2B686-D901-46DF-9CDE-2C968F6A2D1E}.Release|Any CPU.ActiveCfg = Release|Any CPU
		{1FE2B686-D901-46DF-9CDE-2C968F6A2D1E}.Release|Any CPU.Build.0 = Release|Any CPU
		{9AFF0E0C-2CD9-4691-8A9B-2364C32BF869}.Debug|Any CPU.ActiveCfg = Debug|Any CPU
		{9AFF0E0C-2CD9-4691-8A9B-2364C32BF869}.Debug|Any CPU.Build.0 = Debug|Any CPU
		{9AFF0E0C-2CD9-4691-8A9B-2364C32BF869}.Release|Any CPU.ActiveCfg = Release|Any CPU
		{9AFF0E0C-2CD9-4691-8A9B-2364C32BF869}.Release|Any CPU.Build.0 = Release|Any CPU
		{6401CAA6-7331-4F6A-AB3D-EDEF48EBB829}.Debug|Any CPU.ActiveCfg = Debug|Any CPU
		{6401CAA6-7331-4F6A-AB3D-EDEF48EBB829}.Debug|Any CPU.Build.0 = Debug|Any CPU
		{6401CAA6-7331-4F6A-AB3D-EDEF48EBB829}.Release|Any CPU.ActiveCfg = Release|Any CPU
		{6401CAA6-7331-4F6A-AB3D-EDEF48EBB829}.Release|Any CPU.Build.0 = Release|Any CPU
		{87A78320-56AC-44E5-BC30-04AD1AE1F40F}.Debug|Any CPU.ActiveCfg = Debug|Any CPU
		{87A78320-56AC-44E5-BC30-04AD1AE1F40F}.Debug|Any CPU.Build.0 = Debug|Any CPU
		{87A78320-56AC-44E5-BC30-04AD1AE1F40F}.Release|Any CPU.ActiveCfg = Release|Any CPU
		{87A78320-56AC-44E5-BC30-04AD1AE1F40F}.Release|Any CPU.Build.0 = Release|Any CPU
		{3C8A2FE5-7E6B-4932-AF11-71F859F3B87F}.Debug|Any CPU.ActiveCfg = Debug|Any CPU
		{3C8A2FE5-7E6B-4932-AF11-71F859F3B87F}.Debug|Any CPU.Build.0 = Debug|Any CPU
		{3C8A2FE5-7E6B-4932-AF11-71F859F3B87F}.Release|Any CPU.ActiveCfg = Release|Any CPU
		{3C8A2FE5-7E6B-4932-AF11-71F859F3B87F}.Release|Any CPU.Build.0 = Release|Any CPU
		{6A210437-68DA-4468-AF3C-4887406BD03B}.Debug|Any CPU.ActiveCfg = Debug|Any CPU
		{6A210437-68DA-4468-AF3C-4887406BD03B}.Debug|Any CPU.Build.0 = Debug|Any CPU
		{6A210437-68DA-4468-AF3C-4887406BD03B}.Release|Any CPU.ActiveCfg = Release|Any CPU
		{6A210437-68DA-4468-AF3C-4887406BD03B}.Release|Any CPU.Build.0 = Release|Any CPU
		{9A85438A-48CC-404E-9B1C-A29269FE78B9}.Debug|Any CPU.ActiveCfg = Debug|Any CPU
		{9A85438A-48CC-404E-9B1C-A29269FE78B9}.Debug|Any CPU.Build.0 = Debug|Any CPU
		{9A85438A-48CC-404E-9B1C-A29269FE78B9}.Release|Any CPU.ActiveCfg = Release|Any CPU
		{9A85438A-48CC-404E-9B1C-A29269FE78B9}.Release|Any CPU.Build.0 = Release|Any CPU
		{92269465-385D-4598-9883-28379DE598C6}.Debug|Any CPU.ActiveCfg = Debug|Any CPU
		{92269465-385D-4598-9883-28379DE598C6}.Debug|Any CPU.Build.0 = Debug|Any CPU
		{92269465-385D-4598-9883-28379DE598C6}.Release|Any CPU.ActiveCfg = Release|Any CPU
		{92269465-385D-4598-9883-28379DE598C6}.Release|Any CPU.Build.0 = Release|Any CPU
		{9DBF6D44-791A-4B17-9604-BA92B02552E6}.Debug|Any CPU.ActiveCfg = Debug|Any CPU
		{9DBF6D44-791A-4B17-9604-BA92B02552E6}.Debug|Any CPU.Build.0 = Debug|Any CPU
		{9DBF6D44-791A-4B17-9604-BA92B02552E6}.Release|Any CPU.ActiveCfg = Release|Any CPU
		{9DBF6D44-791A-4B17-9604-BA92B02552E6}.Release|Any CPU.Build.0 = Release|Any CPU
		{34375CC3-9A36-47FE-8F21-775D402AFEC5}.Debug|Any CPU.ActiveCfg = Debug|Any CPU
		{34375CC3-9A36-47FE-8F21-775D402AFEC5}.Debug|Any CPU.Build.0 = Debug|Any CPU
		{34375CC3-9A36-47FE-8F21-775D402AFEC5}.Release|Any CPU.ActiveCfg = Release|Any CPU
		{34375CC3-9A36-47FE-8F21-775D402AFEC5}.Release|Any CPU.Build.0 = Release|Any CPU
		{8218558F-9F56-4F8D-BE80-AD191A6554E1}.Debug|Any CPU.ActiveCfg = Debug|Any CPU
		{8218558F-9F56-4F8D-BE80-AD191A6554E1}.Debug|Any CPU.Build.0 = Debug|Any CPU
		{8218558F-9F56-4F8D-BE80-AD191A6554E1}.Release|Any CPU.ActiveCfg = Release|Any CPU
		{8218558F-9F56-4F8D-BE80-AD191A6554E1}.Release|Any CPU.Build.0 = Release|Any CPU
		{FE54766B-D066-44C5-8DC9-36AAE8809E59}.Debug|Any CPU.ActiveCfg = Debug|Any CPU
		{FE54766B-D066-44C5-8DC9-36AAE8809E59}.Debug|Any CPU.Build.0 = Debug|Any CPU
		{FE54766B-D066-44C5-8DC9-36AAE8809E59}.Release|Any CPU.ActiveCfg = Release|Any CPU
		{FE54766B-D066-44C5-8DC9-36AAE8809E59}.Release|Any CPU.Build.0 = Release|Any CPU
		{7320A1A7-7CFC-472F-B280-00B3F2511F18}.Debug|Any CPU.ActiveCfg = Debug|Any CPU
		{7320A1A7-7CFC-472F-B280-00B3F2511F18}.Debug|Any CPU.Build.0 = Debug|Any CPU
		{7320A1A7-7CFC-472F-B280-00B3F2511F18}.Release|Any CPU.ActiveCfg = Release|Any CPU
		{7320A1A7-7CFC-472F-B280-00B3F2511F18}.Release|Any CPU.Build.0 = Release|Any CPU
		{D4B2DB60-8A29-4524-872F-18564A602F68}.Debug|Any CPU.ActiveCfg = Debug|Any CPU
		{D4B2DB60-8A29-4524-872F-18564A602F68}.Debug|Any CPU.Build.0 = Debug|Any CPU
		{D4B2DB60-8A29-4524-872F-18564A602F68}.Release|Any CPU.ActiveCfg = Release|Any CPU
		{D4B2DB60-8A29-4524-872F-18564A602F68}.Release|Any CPU.Build.0 = Release|Any CPU
		{D6FD414B-76FC-4246-985D-740A4FEB9153}.Debug|Any CPU.ActiveCfg = Debug|Any CPU
		{D6FD414B-76FC-4246-985D-740A4FEB9153}.Debug|Any CPU.Build.0 = Debug|Any CPU
		{D6FD414B-76FC-4246-985D-740A4FEB9153}.Release|Any CPU.ActiveCfg = Release|Any CPU
		{D6FD414B-76FC-4246-985D-740A4FEB9153}.Release|Any CPU.Build.0 = Release|Any CPU
	EndGlobalSection
	GlobalSection(SolutionProperties) = preSolution
		HideSolutionNode = FALSE
	EndGlobalSection
	GlobalSection(NestedProjects) = preSolution
		{4BF53A8A-B344-4C1A-AE24-1FC41E2188E9} = {D2DA3040-462E-4E0E-9CFE-3EA95FA3D014}
		{FA933B2A-DC9F-44A0-94C7-C5D2D49C550B} = {D2DA3040-462E-4E0E-9CFE-3EA95FA3D014}
		{AA983AFF-9CBC-4F2A-98E3-3CACA5039C61} = {D2DA3040-462E-4E0E-9CFE-3EA95FA3D014}
		{5A9735A3-CEE9-4E50-B2FD-54F0BF402002} = {D2DA3040-462E-4E0E-9CFE-3EA95FA3D014}
		{1959557F-5EAF-4B1E-BF3F-313AC68EFA49} = {4BF53A8A-B344-4C1A-AE24-1FC41E2188E9}
		{E6204AB7-62EC-41C2-9DEC-7727D3B87B08} = {FA933B2A-DC9F-44A0-94C7-C5D2D49C550B}
		{BE07B798-CBB1-4DA7-B80D-7628F1E67894} = {4BF53A8A-B344-4C1A-AE24-1FC41E2188E9}
		{735CE2B7-2572-4E3F-8B57-C55F9A69448E} = {AA983AFF-9CBC-4F2A-98E3-3CACA5039C61}
		{155E85F0-978B-4916-AB3C-741266DE7BE3} = {AA983AFF-9CBC-4F2A-98E3-3CACA5039C61}
		{8CE66AE1-932A-4E2C-B8E5-4FA627ACA2D7} = {5A9735A3-CEE9-4E50-B2FD-54F0BF402002}
		{B207766E-3CE0-4DF5-B33B-367C9E8AF4EB} = {FA933B2A-DC9F-44A0-94C7-C5D2D49C550B}
		{00897BC6-2258-41E6-9246-B9EDB67A225B} = {FA933B2A-DC9F-44A0-94C7-C5D2D49C550B}
		{F92430D4-DCA2-4FDC-B902-FA053BCB8037} = {FA933B2A-DC9F-44A0-94C7-C5D2D49C550B}
		{43D88290-657A-4D99-BB58-BA5B60B13630} = {AA983AFF-9CBC-4F2A-98E3-3CACA5039C61}
		{4CB3A741-2FED-491A-AA0D-01F2F2577389} = {FA933B2A-DC9F-44A0-94C7-C5D2D49C550B}
		{E2751BF1-0B07-4CF2-B19C-FBA0C0FB0FB9} = {5A9735A3-CEE9-4E50-B2FD-54F0BF402002}
		{2F11D0F4-35B2-45D7-8966-DF5248DB82D4} = {5A9735A3-CEE9-4E50-B2FD-54F0BF402002}
		{C29D4822-A879-49FA-9025-880D716782FF} = {AA983AFF-9CBC-4F2A-98E3-3CACA5039C61}
		{AABC96A7-2B2C-4F92-A4CC-D76596DCF0D6} = {FA933B2A-DC9F-44A0-94C7-C5D2D49C550B}
		{4BFB8526-A11F-4946-9905-7F00EECEF7FF} = {AA983AFF-9CBC-4F2A-98E3-3CACA5039C61}
		{71564D94-DA05-4FCA-985F-E5574EFF2723} = {5A9735A3-CEE9-4E50-B2FD-54F0BF402002}
		{29551DAF-21B8-4C4D-A765-4F75D1758CB9} = {3D11F14C-AF25-4D09-8182-568B18EB78FC}
		{3D11F14C-AF25-4D09-8182-568B18EB78FC} = {D2DA3040-462E-4E0E-9CFE-3EA95FA3D014}
		{398AB413-51AA-4973-A5D5-DD584C4F4B6C} = {5A9735A3-CEE9-4E50-B2FD-54F0BF402002}
		{552814D4-6853-4384-A270-47C7741D1332} = {FA933B2A-DC9F-44A0-94C7-C5D2D49C550B}
		{A836AC21-33CC-479C-862D-99D6EB36917E} = {FA933B2A-DC9F-44A0-94C7-C5D2D49C550B}
		{96BFBAF8-A4DB-41E1-B73E-6B44D775488B} = {FA933B2A-DC9F-44A0-94C7-C5D2D49C550B}
		{93BDAAEA-DCF3-4A19-844B-7B699DF52EC7} = {FA933B2A-DC9F-44A0-94C7-C5D2D49C550B}
		{2EA76081-D72D-4AE9-A10F-094FDC57FA44} = {FA933B2A-DC9F-44A0-94C7-C5D2D49C550B}
		{2CF8A627-8BB7-4762-ABE7-51B9A3560774} = {FA933B2A-DC9F-44A0-94C7-C5D2D49C550B}
		{E0F6C228-71C2-4610-B8EA-2A4DCA9DDE2C} = {FA933B2A-DC9F-44A0-94C7-C5D2D49C550B}
		{50915DCF-7731-411C-ADF9-0D36BB58E250} = {FA933B2A-DC9F-44A0-94C7-C5D2D49C550B}
		{85FA9E9F-A3CC-4DF9-94BA-CB0011954DC3} = {FA933B2A-DC9F-44A0-94C7-C5D2D49C550B}
		{3B624A74-5F48-41C4-A1FD-043C6604C61B} = {AA983AFF-9CBC-4F2A-98E3-3CACA5039C61}
		{80BF5C88-4E2B-4B76-A521-88CF4A880B16} = {FA933B2A-DC9F-44A0-94C7-C5D2D49C550B}
		{0D3A0C8C-15F2-4A0C-8A1C-BD54BCB8FEE1} = {FA933B2A-DC9F-44A0-94C7-C5D2D49C550B}
		{A9D47971-C5E1-4EE0-B355-23D0B0EE00BC} = {FA933B2A-DC9F-44A0-94C7-C5D2D49C550B}
		{7FAFB6B4-B084-4F20-A046-8692CD504B67} = {FA933B2A-DC9F-44A0-94C7-C5D2D49C550B}
		{1FE2B686-D901-46DF-9CDE-2C968F6A2D1E} = {2A01A18A-F858-44A1-9AD0-8F7C4FA112B5}
		{5B4A4C55-DC36-4DC1-B773-2E6E95C75F28} = {6DCC825D-02D0-4F25-9A3D-A530736AB837}
		{2A01A18A-F858-44A1-9AD0-8F7C4FA112B5} = {6DCC825D-02D0-4F25-9A3D-A530736AB837}
		{9AFF0E0C-2CD9-4691-8A9B-2364C32BF869} = {5B4A4C55-DC36-4DC1-B773-2E6E95C75F28}
		{971DE0DA-285B-4912-BA93-E74411400F87} = {6DCC825D-02D0-4F25-9A3D-A530736AB837}
		{6401CAA6-7331-4F6A-AB3D-EDEF48EBB829} = {971DE0DA-285B-4912-BA93-E74411400F87}
		{3A505FC6-CBD6-4D4F-BF48-329C3148282B} = {6DCC825D-02D0-4F25-9A3D-A530736AB837}
		{E0E8D9A4-0B77-4F2D-BD6E-7931FEE42ACB} = {6DCC825D-02D0-4F25-9A3D-A530736AB837}
		{87A78320-56AC-44E5-BC30-04AD1AE1F40F} = {E0E8D9A4-0B77-4F2D-BD6E-7931FEE42ACB}
		{3C8A2FE5-7E6B-4932-AF11-71F859F3B87F} = {3D11F14C-AF25-4D09-8182-568B18EB78FC}
		{6A210437-68DA-4468-AF3C-4887406BD03B} = {3D11F14C-AF25-4D09-8182-568B18EB78FC}
		{9A85438A-48CC-404E-9B1C-A29269FE78B9} = {3D11F14C-AF25-4D09-8182-568B18EB78FC}
		{92269465-385D-4598-9883-28379DE598C6} = {3D11F14C-AF25-4D09-8182-568B18EB78FC}
		{9DBF6D44-791A-4B17-9604-BA92B02552E6} = {5B4A4C55-DC36-4DC1-B773-2E6E95C75F28}
		{34375CC3-9A36-47FE-8F21-775D402AFEC5} = {5B4A4C55-DC36-4DC1-B773-2E6E95C75F28}
		{8218558F-9F56-4F8D-BE80-AD191A6554E1} = {2A01A18A-F858-44A1-9AD0-8F7C4FA112B5}
		{FE54766B-D066-44C5-8DC9-36AAE8809E59} = {971DE0DA-285B-4912-BA93-E74411400F87}
		{7320A1A7-7CFC-472F-B280-00B3F2511F18} = {971DE0DA-285B-4912-BA93-E74411400F87}
		{D4B2DB60-8A29-4524-872F-18564A602F68} = {971DE0DA-285B-4912-BA93-E74411400F87}
		{D6FD414B-76FC-4246-985D-740A4FEB9153} = {8B5B1376-6E74-4BE2-8688-5F4B604B0370}
		{DD678455-958B-44A5-B819-4E611C3DC048} = {6DCC825D-02D0-4F25-9A3D-A530736AB837}
		{298AFAAC-D82C-4FE3-B916-7B1B6A82D9B5} = {D2DA3040-462E-4E0E-9CFE-3EA95FA3D014}
	EndGlobalSection
	GlobalSection(ExtensibilityGlobals) = postSolution
		SolutionGuid = {09CBB595-8996-4C7F-9C48-4C58AD9293AC}
	EndGlobalSection
EndGlobal
